
Microsoft Visual Studio Solution File, Format Version 12.00
Project("{FAE04EC0-301F-11D3-BF4B-00C04F79EFBC}") = "WebApi", "WebApi\WebApi.csproj", "{2D8A6E3D-97B9-49AF-A206-A7A426E14D62}"
EndProject
Project("{2150E333-8FDC-42A3-9474-1A3956D46DE8}") = "src", "src", "{7947FF0D-FA53-4C41-B72D-11520C5FAB6D}"
EndProject
Project("{2150E333-8FDC-42A3-9474-1A3956D46DE8}") = "tests", "tests", "{C180A775-CFA2-4ADB-9EE1-9DAD83E1057F}"
EndProject
Project("{FAE04EC0-301F-11D3-BF4B-00C04F79EFBC}") = "Application", "Application\Application.csproj", "{700B451A-92FC-4418-8FA5-37344C1CBD84}"
EndProject
Project("{FAE04EC0-301F-11D3-BF4B-00C04F79EFBC}") = "Services", "Services\Services.csproj", "{022568FE-DC91-4202-85EF-32816A1E6B94}"
EndProject
Project("{FAE04EC0-301F-11D3-BF4B-00C04F79EFBC}") = "Services.UnitTests", "Services.UnitTests\Services.UnitTests.csproj", "{4EFD02AC-9E24-4D63-B6B9-5B4781197C90}"
EndProject
Project("{FAE04EC0-301F-11D3-BF4B-00C04F79EFBC}") = "WebApi.Core", "WebApi.Core\WebApi.Core.csproj", "{21139D2B-C417-4705-8C00-8646B6AD9634}"
EndProject
Global
	GlobalSection(SolutionConfigurationPlatforms) = preSolution
		Debug|Any CPU = Debug|Any CPU
		Release|Any CPU = Release|Any CPU
	EndGlobalSection
	GlobalSection(ProjectConfigurationPlatforms) = postSolution
		{2D8A6E3D-97B9-49AF-A206-A7A426E14D62}.Debug|Any CPU.ActiveCfg = Debug|Any CPU
		{2D8A6E3D-97B9-49AF-A206-A7A426E14D62}.Debug|Any CPU.Build.0 = Debug|Any CPU
		{2D8A6E3D-97B9-49AF-A206-A7A426E14D62}.Release|Any CPU.ActiveCfg = Release|Any CPU
		{2D8A6E3D-97B9-49AF-A206-A7A426E14D62}.Release|Any CPU.Build.0 = Release|Any CPU
		{700B451A-92FC-4418-8FA5-37344C1CBD84}.Debug|Any CPU.ActiveCfg = Debug|Any CPU
		{700B451A-92FC-4418-8FA5-37344C1CBD84}.Debug|Any CPU.Build.0 = Debug|Any CPU
		{700B451A-92FC-4418-8FA5-37344C1CBD84}.Release|Any CPU.ActiveCfg = Release|Any CPU
		{700B451A-92FC-4418-8FA5-37344C1CBD84}.Release|Any CPU.Build.0 = Release|Any CPU
		{022568FE-DC91-4202-85EF-32816A1E6B94}.Debug|Any CPU.ActiveCfg = Debug|Any CPU
		{022568FE-DC91-4202-85EF-32816A1E6B94}.Debug|Any CPU.Build.0 = Debug|Any CPU
		{022568FE-DC91-4202-85EF-32816A1E6B94}.Release|Any CPU.ActiveCfg = Release|Any CPU
		{022568FE-DC91-4202-85EF-32816A1E6B94}.Release|Any CPU.Build.0 = Release|Any CPU
		{4EFD02AC-9E24-4D63-B6B9-5B4781197C90}.Debug|Any CPU.ActiveCfg = Debug|Any CPU
		{4EFD02AC-9E24-4D63-B6B9-5B4781197C90}.Debug|Any CPU.Build.0 = Debug|Any CPU
		{4EFD02AC-9E24-4D63-B6B9-5B4781197C90}.Release|Any CPU.ActiveCfg = Release|Any CPU
		{4EFD02AC-9E24-4D63-B6B9-5B4781197C90}.Release|Any CPU.Build.0 = Release|Any CPU
		{21139D2B-C417-4705-8C00-8646B6AD9634}.Debug|Any CPU.ActiveCfg = Debug|Any CPU
		{21139D2B-C417-4705-8C00-8646B6AD9634}.Debug|Any CPU.Build.0 = Debug|Any CPU
		{21139D2B-C417-4705-8C00-8646B6AD9634}.Release|Any CPU.ActiveCfg = Release|Any CPU
		{21139D2B-C417-4705-8C00-8646B6AD9634}.Release|Any CPU.Build.0 = Release|Any CPU
	EndGlobalSection
	GlobalSection(NestedProjects) = preSolution
		{2D8A6E3D-97B9-49AF-A206-A7A426E14D62} = {7947FF0D-FA53-4C41-B72D-11520C5FAB6D}
		{700B451A-92FC-4418-8FA5-37344C1CBD84} = {7947FF0D-FA53-4C41-B72D-11520C5FAB6D}
		{022568FE-DC91-4202-85EF-32816A1E6B94} = {7947FF0D-FA53-4C41-B72D-11520C5FAB6D}
		{4EFD02AC-9E24-4D63-B6B9-5B4781197C90} = {C180A775-CFA2-4ADB-9EE1-9DAD83E1057F}
		{21139D2B-C417-4705-8C00-8646B6AD9634} = {7947FF0D-FA53-4C41-B72D-11520C5FAB6D}
	EndGlobalSection
EndGlobal
